
Microsoft Visual Studio Solution File, Format Version 12.00
# Visual Studio Version 17
VisualStudioVersion = 17.7.34024.191
MinimumVisualStudioVersion = 10.0.40219.1
Project("{54A90642-561A-4BB1-A94E-469ADEE60C69}") = "form", "Form\form.esproj", "{707910AC-4D26-4025-9081-1253977F7379}"
EndProject
Global
	GlobalSection(SolutionConfigurationPlatforms) = preSolution
		Debug|Any CPU = Debug|Any CPU
		Release|Any CPU = Release|Any CPU
	EndGlobalSection
	GlobalSection(ProjectConfigurationPlatforms) = postSolution
		{707910AC-4D26-4025-9081-1253977F7379}.Debug|Any CPU.ActiveCfg = Debug|Any CPU
		{707910AC-4D26-4025-9081-1253977F7379}.Debug|Any CPU.Build.0 = Debug|Any CPU
		{707910AC-4D26-4025-9081-1253977F7379}.Debug|Any CPU.Deploy.0 = Debug|Any CPU
		{707910AC-4D26-4025-9081-1253977F7379}.Release|Any CPU.ActiveCfg = Release|Any CPU
		{707910AC-4D26-4025-9081-1253977F7379}.Release|Any CPU.Build.0 = Release|Any CPU
		{707910AC-4D26-4025-9081-1253977F7379}.Release|Any CPU.Deploy.0 = Release|Any CPU
	EndGlobalSection
	GlobalSection(SolutionProperties) = preSolution
		HideSolutionNode = FALSE
	EndGlobalSection
	GlobalSection(ExtensibilityGlobals) = postSolution
		SolutionGuid = {F496433A-02C2-4F15-A379-A46C7FEACAE5}
	EndGlobalSection
EndGlobal
